// !$*UTF8*$!
{
	archiveVersion = 1;
	classes = {
	};
	objectVersion = 56;
	objects = {

/* Begin PBXBuildFile section */
		1A14106A2ADD5185001D6DE6 /* ColorCollectionViewCell.swift in Sources */ = {isa = PBXBuildFile; fileRef = 1A1410692ADD5185001D6DE6 /* ColorCollectionViewCell.swift */; };
		1A19A7462B1672A200DD415B /* UpdateTrackerModel.swift in Sources */ = {isa = PBXBuildFile; fileRef = 1A19A7452B1672A200DD415B /* UpdateTrackerModel.swift */; };
		1A1E94B52AD952EF00FE9A0C /* CreateCategoriesTableViewCell.swift in Sources */ = {isa = PBXBuildFile; fileRef = 1A1E94B42AD952EF00FE9A0C /* CreateCategoriesTableViewCell.swift */; };
		1A21DD952ADE5A6A00583A01 /* DaysValueTransformer.swift in Sources */ = {isa = PBXBuildFile; fileRef = 1A21DD942ADE5A6A00583A01 /* DaysValueTransformer.swift */; };
		1A272CE42B27922A00D39A44 /* PinnedCategoryStore.swift in Sources */ = {isa = PBXBuildFile; fileRef = 1A272CE32B27922A00D39A44 /* PinnedCategoryStore.swift */; };
		1A27E6B92AD9871400ED3DF3 /* StringProtocol.swift in Sources */ = {isa = PBXBuildFile; fileRef = 1A27E6B82AD9871400ED3DF3 /* StringProtocol.swift */; };
		1A2980BD2AC864CB007FE528 /* UIColor.swift in Sources */ = {isa = PBXBuildFile; fileRef = 1A2980BC2AC864CB007FE528 /* UIColor.swift */; };
		1A2F9B652AC82FBF00914B60 /* EventSelectionViewController.swift in Sources */ = {isa = PBXBuildFile; fileRef = 1A2F9B642AC82FBF00914B60 /* EventSelectionViewController.swift */; };
		1A323DA12B02B0EF00624B54 /* LocalizableDict.stringsdict in Resources */ = {isa = PBXBuildFile; fileRef = 1A323DA32B02B0EF00624B54 /* LocalizableDict.stringsdict */; };
		1A32FF912ADC72880065E44C /* Header.swift in Sources */ = {isa = PBXBuildFile; fileRef = 1A32FF902ADC72880065E44C /* Header.swift */; };
		1A3B83AA2AD56323003C3897 /* NameEvent.swift in Sources */ = {isa = PBXBuildFile; fileRef = 1A3B83A92AD56323003C3897 /* NameEvent.swift */; };
		1A3ED44C2ACDDE4A0006EBBB /* ScheduleViewController.swift in Sources */ = {isa = PBXBuildFile; fileRef = 1A3ED44B2ACDDE4A0006EBBB /* ScheduleViewController.swift */; };
		1A3ED4522ACDEA3E0006EBBB /* WeekDayTableViewCell.swift in Sources */ = {isa = PBXBuildFile; fileRef = 1A3ED4512ACDEA3E0006EBBB /* WeekDayTableViewCell.swift */; };
		1A45A6752ADE8BCC0063F08C /* Model.xcdatamodeld in Sources */ = {isa = PBXBuildFile; fileRef = 1A45A6732ADE8BCC0063F08C /* Model.xcdatamodeld */; };
		1A45A6782ADE8E9E0063F08C /* TrackerStore.swift in Sources */ = {isa = PBXBuildFile; fileRef = 1A45A6772ADE8E9E0063F08C /* TrackerStore.swift */; };
		1A45A67A2ADE8EDB0063F08C /* TrackerCategoryStore.swift in Sources */ = {isa = PBXBuildFile; fileRef = 1A45A6792ADE8EDB0063F08C /* TrackerCategoryStore.swift */; };
		1A45A67C2ADE8F0F0063F08C /* TrackerRecordStore.swift in Sources */ = {isa = PBXBuildFile; fileRef = 1A45A67B2ADE8F0F0063F08C /* TrackerRecordStore.swift */; };
		1A46558A2AD3D2B8006DE343 /* FormatDate.swift in Sources */ = {isa = PBXBuildFile; fileRef = 1A4655892AD3D2B8006DE343 /* FormatDate.swift */; };
		1A52EFAF2ADC194C0002BD4B /* Date.swift in Sources */ = {isa = PBXBuildFile; fileRef = 1A52EFAE2ADC194C0002BD4B /* Date.swift */; };
		1A598BB62AC6F352009B166D /* TabBarController.swift in Sources */ = {isa = PBXBuildFile; fileRef = 1A598BB52AC6F352009B166D /* TabBarController.swift */; };
		1A598BB82AC6FAC5009B166D /* TrackersViewController.swift in Sources */ = {isa = PBXBuildFile; fileRef = 1A598BB72AC6FAC5009B166D /* TrackersViewController.swift */; };
		1A66BB192B25D16500838F5F /* PinnTrackerModel.swift in Sources */ = {isa = PBXBuildFile; fileRef = 1A66BB182B25D16500838F5F /* PinnTrackerModel.swift */; };
		1A704D3F2B2B76C60035C94D /* EmojiCollectionViewCell.swift in Sources */ = {isa = PBXBuildFile; fileRef = 1A704D3E2B2B76C60035C94D /* EmojiCollectionViewCell.swift */; };
		1A760A9D2B29EDC900B0C1CC /* CategoryViewModel.swift in Sources */ = {isa = PBXBuildFile; fileRef = 1A760A9C2B29EDC900B0C1CC /* CategoryViewModel.swift */; };
		1A83156E2B2C786000097DE7 /* HandlerResultType.swift in Sources */ = {isa = PBXBuildFile; fileRef = 1A83156D2B2C786000097DE7 /* HandlerResultType.swift */; };
		1A84F3792AC87F4E001DD42F /* GeometricParams.swift in Sources */ = {isa = PBXBuildFile; fileRef = 1A84F3782AC87F4E001DD42F /* GeometricParams.swift */; };
		1A8A576C2ACD5F4D00C060FA /* CreateTrackerTableViewCell.swift in Sources */ = {isa = PBXBuildFile; fileRef = 1A8A576B2ACD5F4D00C060FA /* CreateTrackerTableViewCell.swift */; };
		1A8A576F2ACD65C400C060FA /* ChoiceParametrs.swift in Sources */ = {isa = PBXBuildFile; fileRef = 1A8A576E2ACD65C400C060FA /* ChoiceParametrs.swift */; };
		1A8A7FE62AC55D970038CB42 /* AppDelegate.swift in Sources */ = {isa = PBXBuildFile; fileRef = 1A8A7FE52AC55D970038CB42 /* AppDelegate.swift */; };
		1A8A7FE82AC55D970038CB42 /* SceneDelegate.swift in Sources */ = {isa = PBXBuildFile; fileRef = 1A8A7FE72AC55D970038CB42 /* SceneDelegate.swift */; };
		1A8A7FEA2AC55D970038CB42 /* StatisticViewController.swift in Sources */ = {isa = PBXBuildFile; fileRef = 1A8A7FE92AC55D970038CB42 /* StatisticViewController.swift */; };
		1A8A7FEF2AC55D980038CB42 /* Assets.xcassets in Resources */ = {isa = PBXBuildFile; fileRef = 1A8A7FEE2AC55D980038CB42 /* Assets.xcassets */; };
		1A8A7FF22AC55D980038CB42 /* LaunchScreen.storyboard in Resources */ = {isa = PBXBuildFile; fileRef = 1A8A7FF02AC55D980038CB42 /* LaunchScreen.storyboard */; };
		1A8ED50D2AEFEA1900BA4EE4 /* OnboardingPageViewController.swift in Sources */ = {isa = PBXBuildFile; fileRef = 1A8ED50C2AEFEA1900BA4EE4 /* OnboardingPageViewController.swift */; };
		1A8ED50F2AEFEB5A00BA4EE4 /* OnboardingViewController.swift in Sources */ = {isa = PBXBuildFile; fileRef = 1A8ED50E2AEFEB5A00BA4EE4 /* OnboardingViewController.swift */; };
		1A8ED5122AEFFADF00BA4EE4 /* OnboardingModel.swift in Sources */ = {isa = PBXBuildFile; fileRef = 1A8ED5112AEFFADF00BA4EE4 /* OnboardingModel.swift */; };
		1A959AF42AE24C44001C0EAE /* UIColorMarshalling.swift in Sources */ = {isa = PBXBuildFile; fileRef = 1A959AF32AE24C44001C0EAE /* UIColorMarshalling.swift */; };
		1A9AC5AF2AF373F000A9213D /* Observable.swift in Sources */ = {isa = PBXBuildFile; fileRef = 1A9AC5AE2AF373F000A9213D /* Observable.swift */; };
		1A9AC5B42AF37AED00A9213D /* TrackerViewModel.swift in Sources */ = {isa = PBXBuildFile; fileRef = 1A9AC5B32AF37AED00A9213D /* TrackerViewModel.swift */; };
		1A9E5C962AD2FF6100010C30 /* String.swift in Sources */ = {isa = PBXBuildFile; fileRef = 1A9E5C952AD2FF6100010C30 /* String.swift */; };
		1AA5B2372AD91D1800CB38A2 /* CreateCategoriesViewController.swift in Sources */ = {isa = PBXBuildFile; fileRef = 1AA5B2362AD91D1800CB38A2 /* CreateCategoriesViewController.swift */; };
		1AA5B2392AD9424C00CB38A2 /* NewCategoriViewController.swift in Sources */ = {isa = PBXBuildFile; fileRef = 1AA5B2382AD9424C00CB38A2 /* NewCategoriViewController.swift */; };
		1AA7BFC92B00E82E00C678FF /* Localizable.strings in Resources */ = {isa = PBXBuildFile; fileRef = 1AA7BFCB2B00E82E00C678FF /* Localizable.strings */; };
		1AAC05C32ACC595800AA4B6B /* CreateTrackerViewController.swift in Sources */ = {isa = PBXBuildFile; fileRef = 1AAC05C22ACC595800AA4B6B /* CreateTrackerViewController.swift */; };
		1AAD15652AF14E220080EB72 /* UserDefaultsBacked.swift in Sources */ = {isa = PBXBuildFile; fileRef = 1AAD15642AF14E220080EB72 /* UserDefaultsBacked.swift */; };
		1AB0E14F2B036CE8007183D8 /* InfoPlist.strings in Resources */ = {isa = PBXBuildFile; fileRef = 1AB0E1512B036CE8007183D8 /* InfoPlist.strings */; };
		1AB78AA32AC750A900904AB2 /* TrackersCollectionViewCell.swift in Sources */ = {isa = PBXBuildFile; fileRef = 1AB78AA22AC750A900904AB2 /* TrackersCollectionViewCell.swift */; };
		1ABABBF72AFC10AD007281E0 /* CreateCategoryCellModel.swift in Sources */ = {isa = PBXBuildFile; fileRef = 1ABABBF62AFC10AD007281E0 /* CreateCategoryCellModel.swift */; };
		1ABB3D2C2AC9AAB40037B601 /* HeaderReusableView.swift in Sources */ = {isa = PBXBuildFile; fileRef = 1ABB3D2B2AC9AAB40037B601 /* HeaderReusableView.swift */; };
		1AD277712ACD4B1800F92219 /* UITextField.swift in Sources */ = {isa = PBXBuildFile; fileRef = 1AD277702ACD4B1800F92219 /* UITextField.swift */; };
		1ADD3D742ACBDBB1005F639F /* TrackerCollectionView.swift in Sources */ = {isa = PBXBuildFile; fileRef = 1ADD3D732ACBDBB1005F639F /* TrackerCollectionView.swift */; };
		1AE27C2D2B0604A800C4A925 /* Errors.swift in Sources */ = {isa = PBXBuildFile; fileRef = 1AE27C2C2B0604A800C4A925 /* Errors.swift */; };
		1AE989292ACAE13800392315 /* TrackerModel.swift in Sources */ = {isa = PBXBuildFile; fileRef = 1AE989282ACAE13800392315 /* TrackerModel.swift */; };
		1AE9892D2ACAE76E00392315 /* WeekDay.swift in Sources */ = {isa = PBXBuildFile; fileRef = 1AE9892C2ACAE76E00392315 /* WeekDay.swift */; };
		1AE989302ACAF14B00392315 /* TrackerCategoryModel.swift in Sources */ = {isa = PBXBuildFile; fileRef = 1AE9892F2ACAF14B00392315 /* TrackerCategoryModel.swift */; };
		1AE989322ACAF20500392315 /* TrackerRecordModel.swift in Sources */ = {isa = PBXBuildFile; fileRef = 1AE989312ACAF20500392315 /* TrackerRecordModel.swift */; };
		1AF05E062B2B011D0099D022 /* ShedulViewModel.swift in Sources */ = {isa = PBXBuildFile; fileRef = 1AF05E052B2B011D0099D022 /* ShedulViewModel.swift */; };
/* End PBXBuildFile section */

/* Begin PBXFileReference section */
		1A1410692ADD5185001D6DE6 /* ColorCollectionViewCell.swift */ = {isa = PBXFileReference; lastKnownFileType = sourcecode.swift; path = ColorCollectionViewCell.swift; sourceTree = "<group>"; };
		1A19A7452B1672A200DD415B /* UpdateTrackerModel.swift */ = {isa = PBXFileReference; lastKnownFileType = sourcecode.swift; path = UpdateTrackerModel.swift; sourceTree = "<group>"; };
		1A1E94B42AD952EF00FE9A0C /* CreateCategoriesTableViewCell.swift */ = {isa = PBXFileReference; lastKnownFileType = sourcecode.swift; path = CreateCategoriesTableViewCell.swift; sourceTree = "<group>"; };
		1A21DD942ADE5A6A00583A01 /* DaysValueTransformer.swift */ = {isa = PBXFileReference; lastKnownFileType = sourcecode.swift; path = DaysValueTransformer.swift; sourceTree = "<group>"; };
		1A272CE32B27922A00D39A44 /* PinnedCategoryStore.swift */ = {isa = PBXFileReference; lastKnownFileType = sourcecode.swift; path = PinnedCategoryStore.swift; sourceTree = "<group>"; };
		1A27E6B82AD9871400ED3DF3 /* StringProtocol.swift */ = {isa = PBXFileReference; lastKnownFileType = sourcecode.swift; path = StringProtocol.swift; sourceTree = "<group>"; };
		1A2980BC2AC864CB007FE528 /* UIColor.swift */ = {isa = PBXFileReference; lastKnownFileType = sourcecode.swift; path = UIColor.swift; sourceTree = "<group>"; };
		1A2F9B642AC82FBF00914B60 /* EventSelectionViewController.swift */ = {isa = PBXFileReference; lastKnownFileType = sourcecode.swift; path = EventSelectionViewController.swift; sourceTree = "<group>"; };
		1A323DA22B02B0EF00624B54 /* ru */ = {isa = PBXFileReference; lastKnownFileType = text.plist.stringsdict; name = ru; path = ru.lproj/LocalizableDict.stringsdict; sourceTree = "<group>"; };
		1A323DA42B02B0F100624B54 /* en */ = {isa = PBXFileReference; lastKnownFileType = text.plist.stringsdict; name = en; path = en.lproj/LocalizableDict.stringsdict; sourceTree = "<group>"; };
		1A32FF902ADC72880065E44C /* Header.swift */ = {isa = PBXFileReference; lastKnownFileType = sourcecode.swift; path = Header.swift; sourceTree = "<group>"; };
		1A3B83A92AD56323003C3897 /* NameEvent.swift */ = {isa = PBXFileReference; lastKnownFileType = sourcecode.swift; path = NameEvent.swift; sourceTree = "<group>"; };
		1A3ED44B2ACDDE4A0006EBBB /* ScheduleViewController.swift */ = {isa = PBXFileReference; lastKnownFileType = sourcecode.swift; path = ScheduleViewController.swift; sourceTree = "<group>"; };
		1A3ED4512ACDEA3E0006EBBB /* WeekDayTableViewCell.swift */ = {isa = PBXFileReference; lastKnownFileType = sourcecode.swift; path = WeekDayTableViewCell.swift; sourceTree = "<group>"; };
		1A45A6742ADE8BCC0063F08C /* Model.xcdatamodel */ = {isa = PBXFileReference; lastKnownFileType = wrapper.xcdatamodel; path = Model.xcdatamodel; sourceTree = "<group>"; };
		1A45A6772ADE8E9E0063F08C /* TrackerStore.swift */ = {isa = PBXFileReference; lastKnownFileType = sourcecode.swift; path = TrackerStore.swift; sourceTree = "<group>"; };
		1A45A6792ADE8EDB0063F08C /* TrackerCategoryStore.swift */ = {isa = PBXFileReference; lastKnownFileType = sourcecode.swift; path = TrackerCategoryStore.swift; sourceTree = "<group>"; };
		1A45A67B2ADE8F0F0063F08C /* TrackerRecordStore.swift */ = {isa = PBXFileReference; lastKnownFileType = sourcecode.swift; path = TrackerRecordStore.swift; sourceTree = "<group>"; };
		1A4655892AD3D2B8006DE343 /* FormatDate.swift */ = {isa = PBXFileReference; lastKnownFileType = sourcecode.swift; path = FormatDate.swift; sourceTree = "<group>"; };
		1A52EFAE2ADC194C0002BD4B /* Date.swift */ = {isa = PBXFileReference; lastKnownFileType = sourcecode.swift; path = Date.swift; sourceTree = "<group>"; };
		1A598BB52AC6F352009B166D /* TabBarController.swift */ = {isa = PBXFileReference; lastKnownFileType = sourcecode.swift; path = TabBarController.swift; sourceTree = "<group>"; };
		1A598BB72AC6FAC5009B166D /* TrackersViewController.swift */ = {isa = PBXFileReference; lastKnownFileType = sourcecode.swift; path = TrackersViewController.swift; sourceTree = "<group>"; };
		1A66BB182B25D16500838F5F /* PinnTrackerModel.swift */ = {isa = PBXFileReference; lastKnownFileType = sourcecode.swift; path = PinnTrackerModel.swift; sourceTree = "<group>"; };
		1A704D3E2B2B76C60035C94D /* EmojiCollectionViewCell.swift */ = {isa = PBXFileReference; lastKnownFileType = sourcecode.swift; path = EmojiCollectionViewCell.swift; sourceTree = "<group>"; };
		1A760A9C2B29EDC900B0C1CC /* CategoryViewModel.swift */ = {isa = PBXFileReference; lastKnownFileType = sourcecode.swift; path = CategoryViewModel.swift; sourceTree = "<group>"; };
		1A83156D2B2C786000097DE7 /* HandlerResultType.swift */ = {isa = PBXFileReference; lastKnownFileType = sourcecode.swift; path = HandlerResultType.swift; sourceTree = "<group>"; };
		1A84F3782AC87F4E001DD42F /* GeometricParams.swift */ = {isa = PBXFileReference; lastKnownFileType = sourcecode.swift; path = GeometricParams.swift; sourceTree = "<group>"; };
		1A8A576B2ACD5F4D00C060FA /* CreateTrackerTableViewCell.swift */ = {isa = PBXFileReference; lastKnownFileType = sourcecode.swift; path = CreateTrackerTableViewCell.swift; sourceTree = "<group>"; };
		1A8A576E2ACD65C400C060FA /* ChoiceParametrs.swift */ = {isa = PBXFileReference; lastKnownFileType = sourcecode.swift; path = ChoiceParametrs.swift; sourceTree = "<group>"; };
		1A8A7FE22AC55D970038CB42 /* Tracker.app */ = {isa = PBXFileReference; explicitFileType = wrapper.application; includeInIndex = 0; path = Tracker.app; sourceTree = BUILT_PRODUCTS_DIR; };
		1A8A7FE52AC55D970038CB42 /* AppDelegate.swift */ = {isa = PBXFileReference; lastKnownFileType = sourcecode.swift; path = AppDelegate.swift; sourceTree = "<group>"; };
		1A8A7FE72AC55D970038CB42 /* SceneDelegate.swift */ = {isa = PBXFileReference; lastKnownFileType = sourcecode.swift; path = SceneDelegate.swift; sourceTree = "<group>"; };
		1A8A7FE92AC55D970038CB42 /* StatisticViewController.swift */ = {isa = PBXFileReference; lastKnownFileType = sourcecode.swift; path = StatisticViewController.swift; sourceTree = "<group>"; };
		1A8A7FEE2AC55D980038CB42 /* Assets.xcassets */ = {isa = PBXFileReference; lastKnownFileType = folder.assetcatalog; path = Assets.xcassets; sourceTree = "<group>"; };
		1A8A7FF12AC55D980038CB42 /* Base */ = {isa = PBXFileReference; lastKnownFileType = file.storyboard; name = Base; path = Base.lproj/LaunchScreen.storyboard; sourceTree = "<group>"; };
		1A8A7FF32AC55D980038CB42 /* Info.plist */ = {isa = PBXFileReference; lastKnownFileType = text.plist.xml; path = Info.plist; sourceTree = "<group>"; };
		1A8ED50C2AEFEA1900BA4EE4 /* OnboardingPageViewController.swift */ = {isa = PBXFileReference; lastKnownFileType = sourcecode.swift; path = OnboardingPageViewController.swift; sourceTree = "<group>"; };
		1A8ED50E2AEFEB5A00BA4EE4 /* OnboardingViewController.swift */ = {isa = PBXFileReference; lastKnownFileType = sourcecode.swift; path = OnboardingViewController.swift; sourceTree = "<group>"; };
		1A8ED5112AEFFADF00BA4EE4 /* OnboardingModel.swift */ = {isa = PBXFileReference; lastKnownFileType = sourcecode.swift; path = OnboardingModel.swift; sourceTree = "<group>"; };
		1A959AF32AE24C44001C0EAE /* UIColorMarshalling.swift */ = {isa = PBXFileReference; lastKnownFileType = sourcecode.swift; path = UIColorMarshalling.swift; sourceTree = "<group>"; };
		1A9AC5AE2AF373F000A9213D /* Observable.swift */ = {isa = PBXFileReference; lastKnownFileType = sourcecode.swift; path = Observable.swift; sourceTree = "<group>"; };
		1A9AC5B32AF37AED00A9213D /* TrackerViewModel.swift */ = {isa = PBXFileReference; lastKnownFileType = sourcecode.swift; path = TrackerViewModel.swift; sourceTree = "<group>"; };
		1A9E5C952AD2FF6100010C30 /* String.swift */ = {isa = PBXFileReference; lastKnownFileType = sourcecode.swift; path = String.swift; sourceTree = "<group>"; };
		1AA5B2362AD91D1800CB38A2 /* CreateCategoriesViewController.swift */ = {isa = PBXFileReference; lastKnownFileType = sourcecode.swift; path = CreateCategoriesViewController.swift; sourceTree = "<group>"; };
		1AA5B2382AD9424C00CB38A2 /* NewCategoriViewController.swift */ = {isa = PBXFileReference; lastKnownFileType = sourcecode.swift; path = NewCategoriViewController.swift; sourceTree = "<group>"; };
		1AA7BFC82B00E77300C678FF /* ru */ = {isa = PBXFileReference; lastKnownFileType = text.plist.strings; name = ru; path = ru.lproj/LaunchScreen.strings; sourceTree = "<group>"; };
		1AA7BFCA2B00E82E00C678FF /* en */ = {isa = PBXFileReference; lastKnownFileType = text.plist.strings; name = en; path = en.lproj/Localizable.strings; sourceTree = "<group>"; };
		1AA7BFCC2B00E83400C678FF /* ru */ = {isa = PBXFileReference; lastKnownFileType = text.plist.strings; name = ru; path = ru.lproj/Localizable.strings; sourceTree = "<group>"; };
		1AAC05C22ACC595800AA4B6B /* CreateTrackerViewController.swift */ = {isa = PBXFileReference; lastKnownFileType = sourcecode.swift; path = CreateTrackerViewController.swift; sourceTree = "<group>"; };
		1AAD15642AF14E220080EB72 /* UserDefaultsBacked.swift */ = {isa = PBXFileReference; lastKnownFileType = sourcecode.swift; path = UserDefaultsBacked.swift; sourceTree = "<group>"; };
		1AB0E1502B036CE8007183D8 /* en */ = {isa = PBXFileReference; lastKnownFileType = text.plist.strings; name = en; path = en.lproj/InfoPlist.strings; sourceTree = "<group>"; };
		1AB0E1522B036CEF007183D8 /* ru */ = {isa = PBXFileReference; lastKnownFileType = text.plist.strings; name = ru; path = ru.lproj/InfoPlist.strings; sourceTree = "<group>"; };
		1AB78AA22AC750A900904AB2 /* TrackersCollectionViewCell.swift */ = {isa = PBXFileReference; lastKnownFileType = sourcecode.swift; path = TrackersCollectionViewCell.swift; sourceTree = "<group>"; };
		1ABABBF62AFC10AD007281E0 /* CreateCategoryCellModel.swift */ = {isa = PBXFileReference; lastKnownFileType = sourcecode.swift; path = CreateCategoryCellModel.swift; sourceTree = "<group>"; };
		1ABB3D2B2AC9AAB40037B601 /* HeaderReusableView.swift */ = {isa = PBXFileReference; lastKnownFileType = sourcecode.swift; path = HeaderReusableView.swift; sourceTree = "<group>"; };
		1AD277702ACD4B1800F92219 /* UITextField.swift */ = {isa = PBXFileReference; lastKnownFileType = sourcecode.swift; path = UITextField.swift; sourceTree = "<group>"; };
		1ADD3D732ACBDBB1005F639F /* TrackerCollectionView.swift */ = {isa = PBXFileReference; lastKnownFileType = sourcecode.swift; path = TrackerCollectionView.swift; sourceTree = "<group>"; };
		1AE27C2C2B0604A800C4A925 /* Errors.swift */ = {isa = PBXFileReference; lastKnownFileType = sourcecode.swift; path = Errors.swift; sourceTree = "<group>"; };
		1AE989282ACAE13800392315 /* TrackerModel.swift */ = {isa = PBXFileReference; lastKnownFileType = sourcecode.swift; path = TrackerModel.swift; sourceTree = "<group>"; };
		1AE9892C2ACAE76E00392315 /* WeekDay.swift */ = {isa = PBXFileReference; lastKnownFileType = sourcecode.swift; path = WeekDay.swift; sourceTree = "<group>"; };
		1AE9892F2ACAF14B00392315 /* TrackerCategoryModel.swift */ = {isa = PBXFileReference; lastKnownFileType = sourcecode.swift; path = TrackerCategoryModel.swift; sourceTree = "<group>"; };
		1AE989312ACAF20500392315 /* TrackerRecordModel.swift */ = {isa = PBXFileReference; lastKnownFileType = sourcecode.swift; path = TrackerRecordModel.swift; sourceTree = "<group>"; };
		1AF05E052B2B011D0099D022 /* ShedulViewModel.swift */ = {isa = PBXFileReference; lastKnownFileType = sourcecode.swift; path = ShedulViewModel.swift; sourceTree = "<group>"; };
/* End PBXFileReference section */

/* Begin PBXFrameworksBuildPhase section */
		1A8A7FDF2AC55D960038CB42 /* Frameworks */ = {
			isa = PBXFrameworksBuildPhase;
			buildActionMask = 2147483647;
			files = (
			);
			runOnlyForDeploymentPostprocessing = 0;
		};
/* End PBXFrameworksBuildPhase section */

/* Begin PBXGroup section */
		1A21DD932ADE5A0700583A01 /* CoreData */ = {
			isa = PBXGroup;
			children = (
				1A45A6732ADE8BCC0063F08C /* Model.xcdatamodeld */,
			);
			path = CoreData;
			sourceTree = "<group>";
		};
		1A21DD962ADE652800583A01 /* Helpers */ = {
			isa = PBXGroup;
			children = (
				1A959AF32AE24C44001C0EAE /* UIColorMarshalling.swift */,
				1A21DD942ADE5A6A00583A01 /* DaysValueTransformer.swift */,
			);
			path = Helpers;
			sourceTree = "<group>";
		};
		1A2980BB2AC86499007FE528 /* Extension + */ = {
			isa = PBXGroup;
			children = (
				1A2980BC2AC864CB007FE528 /* UIColor.swift */,
				1AD277702ACD4B1800F92219 /* UITextField.swift */,
				1A9E5C952AD2FF6100010C30 /* String.swift */,
				1A27E6B82AD9871400ED3DF3 /* StringProtocol.swift */,
				1A52EFAE2ADC194C0002BD4B /* Date.swift */,
			);
			path = "Extension +";
			sourceTree = "<group>";
		};
		1A2FC2482AED1E05000156FE /* Domain */ = {
			isa = PBXGroup;
			children = (
				1A45A6762ADE8E770063F08C /* Store */,
				1A21DD962ADE652800583A01 /* Helpers */,
			);
			path = Domain;
			sourceTree = "<group>";
		};
		1A3477CB2AD18D2100EDEAED /* Helpers */ = {
			isa = PBXGroup;
			children = (
				1A4655892AD3D2B8006DE343 /* FormatDate.swift */,
				1A83156D2B2C786000097DE7 /* HandlerResultType.swift */,
			);
			path = Helpers;
			sourceTree = "<group>";
		};
		1A3ED44D2ACDE0B40006EBBB /* CollectionView */ = {
			isa = PBXGroup;
			children = (
				1ADD3D732ACBDBB1005F639F /* TrackerCollectionView.swift */,
			);
			path = CollectionView;
			sourceTree = "<group>";
		};
		1A3ED44E2ACDE1020006EBBB /* ViewControllers */ = {
			isa = PBXGroup;
			children = (
				1A598BB72AC6FAC5009B166D /* TrackersViewController.swift */,
				1AAC05C22ACC595800AA4B6B /* CreateTrackerViewController.swift */,
				1A3ED44B2ACDDE4A0006EBBB /* ScheduleViewController.swift */,
				1AA5B2362AD91D1800CB38A2 /* CreateCategoriesViewController.swift */,
				1A2F9B642AC82FBF00914B60 /* EventSelectionViewController.swift */,
				1AA5B2382AD9424C00CB38A2 /* NewCategoriViewController.swift */,
			);
			path = ViewControllers;
			sourceTree = "<group>";
		};
		1A45A6762ADE8E770063F08C /* Store */ = {
			isa = PBXGroup;
			children = (
				1A45A6772ADE8E9E0063F08C /* TrackerStore.swift */,
				1A45A6792ADE8EDB0063F08C /* TrackerCategoryStore.swift */,
				1A45A67B2ADE8F0F0063F08C /* TrackerRecordStore.swift */,
				1A272CE32B27922A00D39A44 /* PinnedCategoryStore.swift */,
			);
			path = Store;
			sourceTree = "<group>";
		};
		1A598BB42AC6F0A9009B166D /* TabBarController */ = {
			isa = PBXGroup;
			children = (
				1A598BB52AC6F352009B166D /* TabBarController.swift */,
				1A598BB92AC6FB97009B166D /* TrackersViews */,
				1A8A576D2ACD603200C060FA /* StatisticViews */,
			);
			path = TabBarController;
			sourceTree = "<group>";
		};
		1A598BB92AC6FB97009B166D /* TrackersViews */ = {
			isa = PBXGroup;
			children = (
				1A3ED44E2ACDE1020006EBBB /* ViewControllers */,
				1A3ED44D2ACDE0B40006EBBB /* CollectionView */,
				1AAC05C12ACC56EC00AA4B6B /* SuplementaryView */,
				1AAC05C02ACC56A500AA4B6B /* Cell */,
			);
			path = TrackersViews;
			sourceTree = "<group>";
		};
		1A84F3772AC87F28001DD42F /* Models */ = {
			isa = PBXGroup;
			children = (
				1AE9892E2ACAE8D900392315 /* Enum */,
				1A84F3782AC87F4E001DD42F /* GeometricParams.swift */,
				1AE989282ACAE13800392315 /* TrackerModel.swift */,
				1AE9892F2ACAF14B00392315 /* TrackerCategoryModel.swift */,
				1AE989312ACAF20500392315 /* TrackerRecordModel.swift */,
				1A8ED5112AEFFADF00BA4EE4 /* OnboardingModel.swift */,
				1ABABBF62AFC10AD007281E0 /* CreateCategoryCellModel.swift */,
				1A19A7452B1672A200DD415B /* UpdateTrackerModel.swift */,
				1A66BB182B25D16500838F5F /* PinnTrackerModel.swift */,
			);
			path = Models;
			sourceTree = "<group>";
		};
		1A8A576D2ACD603200C060FA /* StatisticViews */ = {
			isa = PBXGroup;
			children = (
				1A8A7FE92AC55D970038CB42 /* StatisticViewController.swift */,
			);
			path = StatisticViews;
			sourceTree = "<group>";
		};
		1A8A7FD92AC55D960038CB42 = {
			isa = PBXGroup;
			children = (
				1A8A7FE42AC55D970038CB42 /* Tracker */,
				1A8A7FE32AC55D970038CB42 /* Products */,
			);
			sourceTree = "<group>";
			usesTabs = 0;
		};
		1A8A7FE32AC55D970038CB42 /* Products */ = {
			isa = PBXGroup;
			children = (
				1A8A7FE22AC55D970038CB42 /* Tracker.app */,
			);
			name = Products;
			sourceTree = "<group>";
		};
		1A8A7FE42AC55D970038CB42 /* Tracker */ = {
			isa = PBXGroup;
			children = (
				1A9AC5B52AF3854A00A9213D /* ViewModel */,
				1A8ED50B2AEFE9AA00BA4EE4 /* Onboarding */,
				1A2FC2482AED1E05000156FE /* Domain */,
				1A21DD932ADE5A0700583A01 /* CoreData */,
				1A598BB42AC6F0A9009B166D /* TabBarController */,
				1A84F3772AC87F28001DD42F /* Models */,
				1A3477CB2AD18D2100EDEAED /* Helpers */,
				1A2980BB2AC86499007FE528 /* Extension + */,
				1AAD15662AF14E2D0080EB72 /* PropertyWrappers */,
				1AA7BFC52B00E41A00C678FF /* Resources */,
				1AF783BD2ACD9D6C0002BB54 /* Application */,
				1A8A7FEE2AC55D980038CB42 /* Assets.xcassets */,
				1A8A7FF02AC55D980038CB42 /* LaunchScreen.storyboard */,
				1A8A7FF32AC55D980038CB42 /* Info.plist */,
			);
			path = Tracker;
			sourceTree = "<group>";
		};
		1A8ED50B2AEFE9AA00BA4EE4 /* Onboarding */ = {
			isa = PBXGroup;
			children = (
				1A8ED50C2AEFEA1900BA4EE4 /* OnboardingPageViewController.swift */,
				1A8ED50E2AEFEB5A00BA4EE4 /* OnboardingViewController.swift */,
			);
			path = Onboarding;
			sourceTree = "<group>";
		};
		1A9AC5B52AF3854A00A9213D /* ViewModel */ = {
			isa = PBXGroup;
			children = (
				1A9AC5B32AF37AED00A9213D /* TrackerViewModel.swift */,
				1A760A9C2B29EDC900B0C1CC /* CategoryViewModel.swift */,
				1AF05E052B2B011D0099D022 /* ShedulViewModel.swift */,
			);
			path = ViewModel;
			sourceTree = "<group>";
		};
		1AA7BFC52B00E41A00C678FF /* Resources */ = {
			isa = PBXGroup;
			children = (
				1AA7BFCB2B00E82E00C678FF /* Localizable.strings */,
				1A323DA32B02B0EF00624B54 /* LocalizableDict.stringsdict */,
				1AB0E1512B036CE8007183D8 /* InfoPlist.strings */,
			);
			path = Resources;
			sourceTree = "<group>";
		};
		1AAC05C02ACC56A500AA4B6B /* Cell */ = {
			isa = PBXGroup;
			children = (
				1A8A576B2ACD5F4D00C060FA /* CreateTrackerTableViewCell.swift */,
				1AB78AA22AC750A900904AB2 /* TrackersCollectionViewCell.swift */,
				1A3ED4512ACDEA3E0006EBBB /* WeekDayTableViewCell.swift */,
				1A1E94B42AD952EF00FE9A0C /* CreateCategoriesTableViewCell.swift */,
				1A1410692ADD5185001D6DE6 /* ColorCollectionViewCell.swift */,
				1A704D3E2B2B76C60035C94D /* EmojiCollectionViewCell.swift */,
			);
			path = Cell;
			sourceTree = "<group>";
		};
		1AAC05C12ACC56EC00AA4B6B /* SuplementaryView */ = {
			isa = PBXGroup;
			children = (
				1ABB3D2B2AC9AAB40037B601 /* HeaderReusableView.swift */,
			);
			path = SuplementaryView;
			sourceTree = "<group>";
		};
		1AAD15662AF14E2D0080EB72 /* PropertyWrappers */ = {
			isa = PBXGroup;
			children = (
				1AAD15642AF14E220080EB72 /* UserDefaultsBacked.swift */,
				1A9AC5AE2AF373F000A9213D /* Observable.swift */,
			);
			path = PropertyWrappers;
			sourceTree = "<group>";
		};
		1AE9892E2ACAE8D900392315 /* Enum */ = {
			isa = PBXGroup;
			children = (
				1AE9892C2ACAE76E00392315 /* WeekDay.swift */,
				1A8A576E2ACD65C400C060FA /* ChoiceParametrs.swift */,
				1A3B83A92AD56323003C3897 /* NameEvent.swift */,
				1A32FF902ADC72880065E44C /* Header.swift */,
				1AE27C2C2B0604A800C4A925 /* Errors.swift */,
			);
			path = Enum;
			sourceTree = "<group>";
		};
		1AF783BD2ACD9D6C0002BB54 /* Application */ = {
			isa = PBXGroup;
			children = (
				1A8A7FE52AC55D970038CB42 /* AppDelegate.swift */,
				1A8A7FE72AC55D970038CB42 /* SceneDelegate.swift */,
			);
			path = Application;
			sourceTree = "<group>";
		};
/* End PBXGroup section */

/* Begin PBXNativeTarget section */
		1A8A7FE12AC55D960038CB42 /* Tracker */ = {
			isa = PBXNativeTarget;
			buildConfigurationList = 1A8A7FF62AC55D980038CB42 /* Build configuration list for PBXNativeTarget "Tracker" */;
			buildPhases = (
				1A0775FC2B0A30EA00155ED6 /* SwiftGenPlugin */,
				1A8A7FDE2AC55D960038CB42 /* Sources */,
				1A8A7FDF2AC55D960038CB42 /* Frameworks */,
				1A8A7FE02AC55D960038CB42 /* Resources */,
			);
			buildRules = (
			);
			dependencies = (
			);
			name = Tracker;
			productName = Tracker;
			productReference = 1A8A7FE22AC55D970038CB42 /* Tracker.app */;
			productType = "com.apple.product-type.application";
		};
/* End PBXNativeTarget section */

/* Begin PBXProject section */
		1A8A7FDA2AC55D960038CB42 /* Project object */ = {
			isa = PBXProject;
			attributes = {
				BuildIndependentTargetsInParallel = 1;
				LastSwiftUpdateCheck = 1430;
				LastUpgradeCheck = 1430;
				TargetAttributes = {
					1A8A7FE12AC55D960038CB42 = {
						CreatedOnToolsVersion = 14.3.1;
					};
				};
			};
			buildConfigurationList = 1A8A7FDD2AC55D960038CB42 /* Build configuration list for PBXProject "Tracker" */;
			compatibilityVersion = "Xcode 14.0";
			developmentRegion = en;
			hasScannedForEncodings = 0;
			knownRegions = (
				en,
				Base,
				ru,
			);
			mainGroup = 1A8A7FD92AC55D960038CB42;
			packageReferences = (
			);
			productRefGroup = 1A8A7FE32AC55D970038CB42 /* Products */;
			projectDirPath = "";
			projectRoot = "";
			targets = (
				1A8A7FE12AC55D960038CB42 /* Tracker */,
			);
		};
/* End PBXProject section */

/* Begin PBXResourcesBuildPhase section */
		1A8A7FE02AC55D960038CB42 /* Resources */ = {
			isa = PBXResourcesBuildPhase;
			buildActionMask = 2147483647;
			files = (
				1A8A7FF22AC55D980038CB42 /* LaunchScreen.storyboard in Resources */,
				1A323DA12B02B0EF00624B54 /* LocalizableDict.stringsdict in Resources */,
				1AA7BFC92B00E82E00C678FF /* Localizable.strings in Resources */,
				1A8A7FEF2AC55D980038CB42 /* Assets.xcassets in Resources */,
				1AB0E14F2B036CE8007183D8 /* InfoPlist.strings in Resources */,
			);
			runOnlyForDeploymentPostprocessing = 0;
		};
/* End PBXResourcesBuildPhase section */

/* Begin PBXShellScriptBuildPhase section */
		1A0775FC2B0A30EA00155ED6 /* SwiftGenPlugin */ = {
			isa = PBXShellScriptBuildPhase;
			buildActionMask = 2147483647;
			files = (
			);
			inputFileListPaths = (
			);
			inputPaths = (
			);
			name = SwiftGenPlugin;
			outputFileListPaths = (
			);
			outputPaths = (
			);
			runOnlyForDeploymentPostprocessing = 0;
			shellPath = /bin/sh;
			shellScript = "echo \"Build Phase - Begin SwiftGen\"\n./runSwiftGenPlugin.sh\necho \"Build Phase - End SwiftGen\"\n";
		};
/* End PBXShellScriptBuildPhase section */

/* Begin PBXSourcesBuildPhase section */
		1A8A7FDE2AC55D960038CB42 /* Sources */ = {
			isa = PBXSourcesBuildPhase;
			buildActionMask = 2147483647;
			files = (
				1A9AC5AF2AF373F000A9213D /* Observable.swift in Sources */,
				1A959AF42AE24C44001C0EAE /* UIColorMarshalling.swift in Sources */,
				1A1E94B52AD952EF00FE9A0C /* CreateCategoriesTableViewCell.swift in Sources */,
				1A8A576C2ACD5F4D00C060FA /* CreateTrackerTableViewCell.swift in Sources */,
				1A598BB82AC6FAC5009B166D /* TrackersViewController.swift in Sources */,
				1A8A7FEA2AC55D970038CB42 /* StatisticViewController.swift in Sources */,
				1A66BB192B25D16500838F5F /* PinnTrackerModel.swift in Sources */,
				1A598BB62AC6F352009B166D /* TabBarController.swift in Sources */,
				1ABB3D2C2AC9AAB40037B601 /* HeaderReusableView.swift in Sources */,
				1A45A67C2ADE8F0F0063F08C /* TrackerRecordStore.swift in Sources */,
				1AE989322ACAF20500392315 /* TrackerRecordModel.swift in Sources */,
				1A45A67A2ADE8EDB0063F08C /* TrackerCategoryStore.swift in Sources */,
				1ABABBF72AFC10AD007281E0 /* CreateCategoryCellModel.swift in Sources */,
				1A32FF912ADC72880065E44C /* Header.swift in Sources */,
				1A760A9D2B29EDC900B0C1CC /* CategoryViewModel.swift in Sources */,
				1A19A7462B1672A200DD415B /* UpdateTrackerModel.swift in Sources */,
				1A8A7FE62AC55D970038CB42 /* AppDelegate.swift in Sources */,
				1A3B83AA2AD56323003C3897 /* NameEvent.swift in Sources */,
				1A45A6782ADE8E9E0063F08C /* TrackerStore.swift in Sources */,
				1A8ED5122AEFFADF00BA4EE4 /* OnboardingModel.swift in Sources */,
				1AE27C2D2B0604A800C4A925 /* Errors.swift in Sources */,
				1AE989302ACAF14B00392315 /* TrackerCategoryModel.swift in Sources */,
				1A3ED44C2ACDDE4A0006EBBB /* ScheduleViewController.swift in Sources */,
				1A2980BD2AC864CB007FE528 /* UIColor.swift in Sources */,
				1AAD15652AF14E220080EB72 /* UserDefaultsBacked.swift in Sources */,
				1A83156E2B2C786000097DE7 /* HandlerResultType.swift in Sources */,
				1A14106A2ADD5185001D6DE6 /* ColorCollectionViewCell.swift in Sources */,
				1A8A576F2ACD65C400C060FA /* ChoiceParametrs.swift in Sources */,
				1ADD3D742ACBDBB1005F639F /* TrackerCollectionView.swift in Sources */,
				1A9E5C962AD2FF6100010C30 /* String.swift in Sources */,
				1A45A6752ADE8BCC0063F08C /* Model.xcdatamodeld in Sources */,
				1A9AC5B42AF37AED00A9213D /* TrackerViewModel.swift in Sources */,
				1A8ED50F2AEFEB5A00BA4EE4 /* OnboardingViewController.swift in Sources */,
				1A272CE42B27922A00D39A44 /* PinnedCategoryStore.swift in Sources */,
				1AD277712ACD4B1800F92219 /* UITextField.swift in Sources */,
				1A46558A2AD3D2B8006DE343 /* FormatDate.swift in Sources */,
				1A52EFAF2ADC194C0002BD4B /* Date.swift in Sources */,
				1AE9892D2ACAE76E00392315 /* WeekDay.swift in Sources */,
				1A3ED4522ACDEA3E0006EBBB /* WeekDayTableViewCell.swift in Sources */,
				1AB78AA32AC750A900904AB2 /* TrackersCollectionViewCell.swift in Sources */,
				1AA5B2392AD9424C00CB38A2 /* NewCategoriViewController.swift in Sources */,
				1A84F3792AC87F4E001DD42F /* GeometricParams.swift in Sources */,
				1A8ED50D2AEFEA1900BA4EE4 /* OnboardingPageViewController.swift in Sources */,
				1AE989292ACAE13800392315 /* TrackerModel.swift in Sources */,
				1AAC05C32ACC595800AA4B6B /* CreateTrackerViewController.swift in Sources */,
				1A21DD952ADE5A6A00583A01 /* DaysValueTransformer.swift in Sources */,
				1A2F9B652AC82FBF00914B60 /* EventSelectionViewController.swift in Sources */,
				1AA5B2372AD91D1800CB38A2 /* CreateCategoriesViewController.swift in Sources */,
				1A8A7FE82AC55D970038CB42 /* SceneDelegate.swift in Sources */,
				1A27E6B92AD9871400ED3DF3 /* StringProtocol.swift in Sources */,
				1A704D3F2B2B76C60035C94D /* EmojiCollectionViewCell.swift in Sources */,
				1AF05E062B2B011D0099D022 /* ShedulViewModel.swift in Sources */,
			);
			runOnlyForDeploymentPostprocessing = 0;
		};
/* End PBXSourcesBuildPhase section */

/* Begin PBXVariantGroup section */
		1A323DA32B02B0EF00624B54 /* LocalizableDict.stringsdict */ = {
			isa = PBXVariantGroup;
			children = (
				1A323DA22B02B0EF00624B54 /* ru */,
				1A323DA42B02B0F100624B54 /* en */,
			);
			name = LocalizableDict.stringsdict;
			sourceTree = "<group>";
		};
		1A8A7FF02AC55D980038CB42 /* LaunchScreen.storyboard */ = {
			isa = PBXVariantGroup;
			children = (
				1A8A7FF12AC55D980038CB42 /* Base */,
				1AA7BFC82B00E77300C678FF /* ru */,
			);
			name = LaunchScreen.storyboard;
			sourceTree = "<group>";
		};
		1AA7BFCB2B00E82E00C678FF /* Localizable.strings */ = {
			isa = PBXVariantGroup;
			children = (
				1AA7BFCA2B00E82E00C678FF /* en */,
				1AA7BFCC2B00E83400C678FF /* ru */,
			);
			name = Localizable.strings;
			sourceTree = "<group>";
		};
		1AB0E1512B036CE8007183D8 /* InfoPlist.strings */ = {
			isa = PBXVariantGroup;
			children = (
				1AB0E1502B036CE8007183D8 /* en */,
				1AB0E1522B036CEF007183D8 /* ru */,
			);
			name = InfoPlist.strings;
			sourceTree = "<group>";
		};
/* End PBXVariantGroup section */

/* Begin XCBuildConfiguration section */
		1A8A7FF42AC55D980038CB42 /* Debug */ = {
			isa = XCBuildConfiguration;
			buildSettings = {
				ALWAYS_SEARCH_USER_PATHS = NO;
				CLANG_ANALYZER_LOCALIZABILITY_NONLOCALIZED = YES;
				CLANG_ANALYZER_NONNULL = YES;
				CLANG_ANALYZER_NUMBER_OBJECT_CONVERSION = YES_AGGRESSIVE;
				CLANG_CXX_LANGUAGE_STANDARD = "gnu++20";
				CLANG_ENABLE_MODULES = YES;
				CLANG_ENABLE_OBJC_ARC = YES;
				CLANG_ENABLE_OBJC_WEAK = YES;
				CLANG_WARN_BLOCK_CAPTURE_AUTORELEASING = YES;
				CLANG_WARN_BOOL_CONVERSION = YES;
				CLANG_WARN_COMMA = YES;
				CLANG_WARN_CONSTANT_CONVERSION = YES;
				CLANG_WARN_DEPRECATED_OBJC_IMPLEMENTATIONS = YES;
				CLANG_WARN_DIRECT_OBJC_ISA_USAGE = YES_ERROR;
				CLANG_WARN_DOCUMENTATION_COMMENTS = YES;
				CLANG_WARN_EMPTY_BODY = YES;
				CLANG_WARN_ENUM_CONVERSION = YES;
				CLANG_WARN_INFINITE_RECURSION = YES;
				CLANG_WARN_INT_CONVERSION = YES;
				CLANG_WARN_NON_LITERAL_NULL_CONVERSION = YES;
				CLANG_WARN_OBJC_IMPLICIT_RETAIN_SELF = YES;
				CLANG_WARN_OBJC_LITERAL_CONVERSION = YES;
				CLANG_WARN_OBJC_ROOT_CLASS = YES_ERROR;
				CLANG_WARN_QUOTED_INCLUDE_IN_FRAMEWORK_HEADER = YES;
				CLANG_WARN_RANGE_LOOP_ANALYSIS = YES;
				CLANG_WARN_STRICT_PROTOTYPES = YES;
				CLANG_WARN_SUSPICIOUS_MOVE = YES;
				CLANG_WARN_UNGUARDED_AVAILABILITY = YES_AGGRESSIVE;
				CLANG_WARN_UNREACHABLE_CODE = YES;
				CLANG_WARN__DUPLICATE_METHOD_MATCH = YES;
				COPY_PHASE_STRIP = NO;
				DEBUG_INFORMATION_FORMAT = dwarf;
				ENABLE_STRICT_OBJC_MSGSEND = YES;
				ENABLE_TESTABILITY = YES;
				GCC_C_LANGUAGE_STANDARD = gnu11;
				GCC_DYNAMIC_NO_PIC = NO;
				GCC_NO_COMMON_BLOCKS = YES;
				GCC_OPTIMIZATION_LEVEL = 0;
				GCC_PREPROCESSOR_DEFINITIONS = (
					"DEBUG=1",
					"$(inherited)",
				);
				GCC_WARN_64_TO_32_BIT_CONVERSION = YES;
				GCC_WARN_ABOUT_RETURN_TYPE = YES_ERROR;
				GCC_WARN_UNDECLARED_SELECTOR = YES;
				GCC_WARN_UNINITIALIZED_AUTOS = YES_AGGRESSIVE;
				GCC_WARN_UNUSED_FUNCTION = YES;
				GCC_WARN_UNUSED_VARIABLE = YES;
				IPHONEOS_DEPLOYMENT_TARGET = 13.4;
				MTL_ENABLE_DEBUG_INFO = INCLUDE_SOURCE;
				MTL_FAST_MATH = YES;
				ONLY_ACTIVE_ARCH = YES;
				SDKROOT = iphoneos;
				SWIFT_ACTIVE_COMPILATION_CONDITIONS = DEBUG;
				SWIFT_OPTIMIZATION_LEVEL = "-Onone";
			};
			name = Debug;
		};
		1A8A7FF52AC55D980038CB42 /* Release */ = {
			isa = XCBuildConfiguration;
			buildSettings = {
				ALWAYS_SEARCH_USER_PATHS = NO;
				CLANG_ANALYZER_LOCALIZABILITY_NONLOCALIZED = YES;
				CLANG_ANALYZER_NONNULL = YES;
				CLANG_ANALYZER_NUMBER_OBJECT_CONVERSION = YES_AGGRESSIVE;
				CLANG_CXX_LANGUAGE_STANDARD = "gnu++20";
				CLANG_ENABLE_MODULES = YES;
				CLANG_ENABLE_OBJC_ARC = YES;
				CLANG_ENABLE_OBJC_WEAK = YES;
				CLANG_WARN_BLOCK_CAPTURE_AUTORELEASING = YES;
				CLANG_WARN_BOOL_CONVERSION = YES;
				CLANG_WARN_COMMA = YES;
				CLANG_WARN_CONSTANT_CONVERSION = YES;
				CLANG_WARN_DEPRECATED_OBJC_IMPLEMENTATIONS = YES;
				CLANG_WARN_DIRECT_OBJC_ISA_USAGE = YES_ERROR;
				CLANG_WARN_DOCUMENTATION_COMMENTS = YES;
				CLANG_WARN_EMPTY_BODY = YES;
				CLANG_WARN_ENUM_CONVERSION = YES;
				CLANG_WARN_INFINITE_RECURSION = YES;
				CLANG_WARN_INT_CONVERSION = YES;
				CLANG_WARN_NON_LITERAL_NULL_CONVERSION = YES;
				CLANG_WARN_OBJC_IMPLICIT_RETAIN_SELF = YES;
				CLANG_WARN_OBJC_LITERAL_CONVERSION = YES;
				CLANG_WARN_OBJC_ROOT_CLASS = YES_ERROR;
				CLANG_WARN_QUOTED_INCLUDE_IN_FRAMEWORK_HEADER = YES;
				CLANG_WARN_RANGE_LOOP_ANALYSIS = YES;
				CLANG_WARN_STRICT_PROTOTYPES = YES;
				CLANG_WARN_SUSPICIOUS_MOVE = YES;
				CLANG_WARN_UNGUARDED_AVAILABILITY = YES_AGGRESSIVE;
				CLANG_WARN_UNREACHABLE_CODE = YES;
				CLANG_WARN__DUPLICATE_METHOD_MATCH = YES;
				COPY_PHASE_STRIP = NO;
				DEBUG_INFORMATION_FORMAT = "dwarf-with-dsym";
				ENABLE_NS_ASSERTIONS = NO;
				ENABLE_STRICT_OBJC_MSGSEND = YES;
				GCC_C_LANGUAGE_STANDARD = gnu11;
				GCC_NO_COMMON_BLOCKS = YES;
				GCC_WARN_64_TO_32_BIT_CONVERSION = YES;
				GCC_WARN_ABOUT_RETURN_TYPE = YES_ERROR;
				GCC_WARN_UNDECLARED_SELECTOR = YES;
				GCC_WARN_UNINITIALIZED_AUTOS = YES_AGGRESSIVE;
				GCC_WARN_UNUSED_FUNCTION = YES;
				GCC_WARN_UNUSED_VARIABLE = YES;
				IPHONEOS_DEPLOYMENT_TARGET = 13.4;
				MTL_ENABLE_DEBUG_INFO = NO;
				MTL_FAST_MATH = YES;
				SDKROOT = iphoneos;
				SWIFT_COMPILATION_MODE = wholemodule;
				SWIFT_OPTIMIZATION_LEVEL = "-O";
				VALIDATE_PRODUCT = YES;
			};
			name = Release;
		};
		1A8A7FF72AC55D980038CB42 /* Debug */ = {
			isa = XCBuildConfiguration;
			buildSettings = {
				ASSETCATALOG_COMPILER_APPICON_NAME = AppIcon;
				ASSETCATALOG_COMPILER_GLOBAL_ACCENT_COLOR_NAME = AccentColor;
				CODE_SIGN_STYLE = Automatic;
				CURRENT_PROJECT_VERSION = 1;
				DEVELOPMENT_TEAM = 4HXMY46TMH;
				GENERATE_INFOPLIST_FILE = YES;
				INFOPLIST_FILE = Tracker/Info.plist;
				INFOPLIST_KEY_UIApplicationSupportsIndirectInputEvents = YES;
				INFOPLIST_KEY_UILaunchStoryboardName = LaunchScreen;
				INFOPLIST_KEY_UIStatusBarStyle = "";
				INFOPLIST_KEY_UISupportedInterfaceOrientations = UIInterfaceOrientationPortrait;
				IPHONEOS_DEPLOYMENT_TARGET = 13.4;
				LD_RUNPATH_SEARCH_PATHS = (
					"$(inherited)",
					"@executable_path/Frameworks",
				);
				MARKETING_VERSION = 1.0;
				PRODUCT_BUNDLE_IDENTIFIER = com.Grifon.Tracker;
				PRODUCT_NAME = "$(TARGET_NAME)";
				SWIFT_EMIT_LOC_STRINGS = YES;
				SWIFT_VERSION = 5.0;
				TARGETED_DEVICE_FAMILY = "1,2";
			};
			name = Debug;
		};
		1A8A7FF82AC55D980038CB42 /* Release */ = {
			isa = XCBuildConfiguration;
			buildSettings = {
				ASSETCATALOG_COMPILER_APPICON_NAME = AppIcon;
				ASSETCATALOG_COMPILER_GLOBAL_ACCENT_COLOR_NAME = AccentColor;
				CODE_SIGN_STYLE = Automatic;
				CURRENT_PROJECT_VERSION = 1;
				DEVELOPMENT_TEAM = 4HXMY46TMH;
				GENERATE_INFOPLIST_FILE = YES;
				INFOPLIST_FILE = Tracker/Info.plist;
				INFOPLIST_KEY_UIApplicationSupportsIndirectInputEvents = YES;
				INFOPLIST_KEY_UILaunchStoryboardName = LaunchScreen;
				INFOPLIST_KEY_UIStatusBarStyle = "";
				INFOPLIST_KEY_UISupportedInterfaceOrientations = UIInterfaceOrientationPortrait;
				IPHONEOS_DEPLOYMENT_TARGET = 13.4;
				LD_RUNPATH_SEARCH_PATHS = (
					"$(inherited)",
					"@executable_path/Frameworks",
				);
				MARKETING_VERSION = 1.0;
				PRODUCT_BUNDLE_IDENTIFIER = com.Grifon.Tracker;
				PRODUCT_NAME = "$(TARGET_NAME)";
				SWIFT_EMIT_LOC_STRINGS = YES;
				SWIFT_VERSION = 5.0;
				TARGETED_DEVICE_FAMILY = "1,2";
			};
			name = Release;
		};
/* End XCBuildConfiguration section */

/* Begin XCConfigurationList section */
		1A8A7FDD2AC55D960038CB42 /* Build configuration list for PBXProject "Tracker" */ = {
			isa = XCConfigurationList;
			buildConfigurations = (
				1A8A7FF42AC55D980038CB42 /* Debug */,
				1A8A7FF52AC55D980038CB42 /* Release */,
			);
			defaultConfigurationIsVisible = 0;
			defaultConfigurationName = Release;
		};
		1A8A7FF62AC55D980038CB42 /* Build configuration list for PBXNativeTarget "Tracker" */ = {
			isa = XCConfigurationList;
			buildConfigurations = (
				1A8A7FF72AC55D980038CB42 /* Debug */,
				1A8A7FF82AC55D980038CB42 /* Release */,
			);
			defaultConfigurationIsVisible = 0;
			defaultConfigurationName = Release;
		};
/* End XCConfigurationList section */

/* Begin XCVersionGroup section */
		1A45A6732ADE8BCC0063F08C /* Model.xcdatamodeld */ = {
			isa = XCVersionGroup;
			children = (
				1A45A6742ADE8BCC0063F08C /* Model.xcdatamodel */,
			);
			currentVersion = 1A45A6742ADE8BCC0063F08C /* Model.xcdatamodel */;
			path = Model.xcdatamodeld;
			sourceTree = "<group>";
			versionGroupType = wrapper.xcdatamodel;
		};
/* End XCVersionGroup section */
	};
	rootObject = 1A8A7FDA2AC55D960038CB42 /* Project object */;
}
